// !$*UTF8*$!
{
	archiveVersion = 1;
	classes = {
	};
	objectVersion = 46;
	objects = {

/* Begin PBXBuildFile section */
		4946C0D81ED6A7B900ACED45 /* Auth.swift in Sources */ = {isa = PBXBuildFile; fileRef = 4946C0D71ED6A7B900ACED45 /* Auth.swift */; };
		4946C0DA1ED6A8AD00ACED45 /* GoogleService-Info.plist in Resources */ = {isa = PBXBuildFile; fileRef = 4946C0D91ED6A8AD00ACED45 /* GoogleService-Info.plist */; };
		4981053C1EDADA0E005E4677 /* MainViewController.swift in Sources */ = {isa = PBXBuildFile; fileRef = 4981053B1EDADA0E005E4677 /* MainViewController.swift */; };
		498105401EDE5FDA005E4677 /* Reachability.m in Sources */ = {isa = PBXBuildFile; fileRef = 4981053F1EDE5FDA005E4677 /* Reachability.m */; };
		498105441EDE77ED005E4677 /* MainCollectionViewCell.swift in Sources */ = {isa = PBXBuildFile; fileRef = 498105431EDE77ED005E4677 /* MainCollectionViewCell.swift */; };
		4987165E1EE07C1800E78C27 /* SidebarMenu.swift in Sources */ = {isa = PBXBuildFile; fileRef = 4987165D1EE07C1800E78C27 /* SidebarMenu.swift */; };
		498716651EE07F7600E78C27 /* SWRevealViewController.m in Sources */ = {isa = PBXBuildFile; fileRef = 498716641EE07F7600E78C27 /* SWRevealViewController.m */; };
		4987166B1EE0868F00E78C27 /* SideMenuTableViewController.swift in Sources */ = {isa = PBXBuildFile; fileRef = 4987166A1EE0868F00E78C27 /* SideMenuTableViewController.swift */; };
		49AED0DE1ED82C67004C55BF /* SignUpTableViewController.swift in Sources */ = {isa = PBXBuildFile; fileRef = 49AED0DD1ED82C67004C55BF /* SignUpTableViewController.swift */; };
		49B0502B1ED53A02009EFBC9 /* AppDelegate.swift in Sources */ = {isa = PBXBuildFile; fileRef = 49B0502A1ED53A02009EFBC9 /* AppDelegate.swift */; };
		49B050301ED53A02009EFBC9 /* Main.storyboard in Resources */ = {isa = PBXBuildFile; fileRef = 49B0502E1ED53A02009EFBC9 /* Main.storyboard */; };
		49B050321ED53A02009EFBC9 /* Assets.xcassets in Resources */ = {isa = PBXBuildFile; fileRef = 49B050311ED53A02009EFBC9 /* Assets.xcassets */; };
		49B050351ED53A02009EFBC9 /* LaunchScreen.storyboard in Resources */ = {isa = PBXBuildFile; fileRef = 49B050331ED53A02009EFBC9 /* LaunchScreen.storyboard */; };
		49B0503E1ED54EAC009EFBC9 /* IntroCollectionViewCell.swift in Sources */ = {isa = PBXBuildFile; fileRef = 49B0503D1ED54EAC009EFBC9 /* IntroCollectionViewCell.swift */; };
		49B050421ED5570E009EFBC9 /* IntroViewController.swift in Sources */ = {isa = PBXBuildFile; fileRef = 49B050411ED5570E009EFBC9 /* IntroViewController.swift */; };
		49B91E561ED566690046228B /* Model.swift in Sources */ = {isa = PBXBuildFile; fileRef = 49B91E551ED566690046228B /* Model.swift */; };
		49B91E591ED591490046228B /* LoginViewController.swift in Sources */ = {isa = PBXBuildFile; fileRef = 49B91E581ED591490046228B /* LoginViewController.swift */; };
		D8A23EBE2ADB185D05E22056 /* Pods_SinbiDemo21.framework in Frameworks */ = {isa = PBXBuildFile; fileRef = 238FB0CEC5D9712572188C54 /* Pods_SinbiDemo21.framework */; };
/* End PBXBuildFile section */

/* Begin PBXFileReference section */
		238FB0CEC5D9712572188C54 /* Pods_SinbiDemo21.framework */ = {isa = PBXFileReference; explicitFileType = wrapper.framework; includeInIndex = 0; path = Pods_SinbiDemo21.framework; sourceTree = BUILT_PRODUCTS_DIR; };
		272313F151FD11D0863F53ED /* Pods-SinbiDemo21.debug.xcconfig */ = {isa = PBXFileReference; includeInIndex = 1; lastKnownFileType = text.xcconfig; name = "Pods-SinbiDemo21.debug.xcconfig"; path = "Pods/Target Support Files/Pods-SinbiDemo21/Pods-SinbiDemo21.debug.xcconfig"; sourceTree = "<group>"; };
		4946C0D71ED6A7B900ACED45 /* Auth.swift */ = {isa = PBXFileReference; fileEncoding = 4; lastKnownFileType = sourcecode.swift; path = Auth.swift; sourceTree = "<group>"; };
		4946C0D91ED6A8AD00ACED45 /* GoogleService-Info.plist */ = {isa = PBXFileReference; fileEncoding = 4; lastKnownFileType = text.plist.xml; name = "GoogleService-Info.plist"; path = "../../../GoogleService-Info.plist"; sourceTree = "<group>"; };
		4946C0DB1ED6D4FD00ACED45 /* SinbiDemo21-Bridging-Header.h */ = {isa = PBXFileReference; lastKnownFileType = sourcecode.c.h; path = "SinbiDemo21-Bridging-Header.h"; sourceTree = "<group>"; };
		4981053B1EDADA0E005E4677 /* MainViewController.swift */ = {isa = PBXFileReference; fileEncoding = 4; lastKnownFileType = sourcecode.swift; path = MainViewController.swift; sourceTree = "<group>"; };
		4981053E1EDE5FDA005E4677 /* Reachability.h */ = {isa = PBXFileReference; fileEncoding = 4; lastKnownFileType = sourcecode.c.h; name = Reachability.h; path = "../../Xcode測試網路連線方法/Reachability.h"; sourceTree = "<group>"; };
		4981053F1EDE5FDA005E4677 /* Reachability.m */ = {isa = PBXFileReference; fileEncoding = 4; lastKnownFileType = sourcecode.c.objc; name = Reachability.m; path = "../../Xcode測試網路連線方法/Reachability.m"; sourceTree = "<group>"; };
		498105431EDE77ED005E4677 /* MainCollectionViewCell.swift */ = {isa = PBXFileReference; fileEncoding = 4; lastKnownFileType = sourcecode.swift; path = MainCollectionViewCell.swift; sourceTree = "<group>"; };
		4987165D1EE07C1800E78C27 /* SidebarMenu.swift */ = {isa = PBXFileReference; fileEncoding = 4; lastKnownFileType = sourcecode.swift; path = SidebarMenu.swift; sourceTree = "<group>"; };
		498716631EE07F7600E78C27 /* SWRevealViewController.h */ = {isa = PBXFileReference; fileEncoding = 4; lastKnownFileType = sourcecode.c.h; path = SWRevealViewController.h; sourceTree = "<group>"; };
		498716641EE07F7600E78C27 /* SWRevealViewController.m */ = {isa = PBXFileReference; fileEncoding = 4; lastKnownFileType = sourcecode.c.objc; path = SWRevealViewController.m; sourceTree = "<group>"; };
		4987166A1EE0868F00E78C27 /* SideMenuTableViewController.swift */ = {isa = PBXFileReference; fileEncoding = 4; lastKnownFileType = sourcecode.swift; path = SideMenuTableViewController.swift; sourceTree = "<group>"; };
		49AED0DD1ED82C67004C55BF /* SignUpTableViewController.swift */ = {isa = PBXFileReference; fileEncoding = 4; lastKnownFileType = sourcecode.swift; path = SignUpTableViewController.swift; sourceTree = "<group>"; };
		49B050271ED53A02009EFBC9 /* SinbiDemo21.app */ = {isa = PBXFileReference; explicitFileType = wrapper.application; includeInIndex = 0; path = SinbiDemo21.app; sourceTree = BUILT_PRODUCTS_DIR; };
		49B0502A1ED53A02009EFBC9 /* AppDelegate.swift */ = {isa = PBXFileReference; lastKnownFileType = sourcecode.swift; path = AppDelegate.swift; sourceTree = "<group>"; };
		49B0502F1ED53A02009EFBC9 /* Base */ = {isa = PBXFileReference; lastKnownFileType = file.storyboard; name = Base; path = Base.lproj/Main.storyboard; sourceTree = "<group>"; };
		49B050311ED53A02009EFBC9 /* Assets.xcassets */ = {isa = PBXFileReference; lastKnownFileType = folder.assetcatalog; path = Assets.xcassets; sourceTree = "<group>"; };
		49B050341ED53A02009EFBC9 /* Base */ = {isa = PBXFileReference; lastKnownFileType = file.storyboard; name = Base; path = Base.lproj/LaunchScreen.storyboard; sourceTree = "<group>"; };
		49B050361ED53A02009EFBC9 /* Info.plist */ = {isa = PBXFileReference; lastKnownFileType = text.plist.xml; path = Info.plist; sourceTree = "<group>"; };
		49B0503D1ED54EAC009EFBC9 /* IntroCollectionViewCell.swift */ = {isa = PBXFileReference; fileEncoding = 4; lastKnownFileType = sourcecode.swift; path = IntroCollectionViewCell.swift; sourceTree = "<group>"; };
		49B050411ED5570E009EFBC9 /* IntroViewController.swift */ = {isa = PBXFileReference; fileEncoding = 4; lastKnownFileType = sourcecode.swift; path = IntroViewController.swift; sourceTree = "<group>"; };
		49B91E551ED566690046228B /* Model.swift */ = {isa = PBXFileReference; fileEncoding = 4; lastKnownFileType = sourcecode.swift; path = Model.swift; sourceTree = "<group>"; };
		49B91E581ED591490046228B /* LoginViewController.swift */ = {isa = PBXFileReference; fileEncoding = 4; lastKnownFileType = sourcecode.swift; path = LoginViewController.swift; sourceTree = "<group>"; };
		DC357DE05BECAE05E94AB7EA /* Pods-SinbiDemo21.release.xcconfig */ = {isa = PBXFileReference; includeInIndex = 1; lastKnownFileType = text.xcconfig; name = "Pods-SinbiDemo21.release.xcconfig"; path = "Pods/Target Support Files/Pods-SinbiDemo21/Pods-SinbiDemo21.release.xcconfig"; sourceTree = "<group>"; };
/* End PBXFileReference section */

/* Begin PBXFrameworksBuildPhase section */
		49B050241ED53A02009EFBC9 /* Frameworks */ = {
			isa = PBXFrameworksBuildPhase;
			buildActionMask = 2147483647;
			files = (
				D8A23EBE2ADB185D05E22056 /* Pods_SinbiDemo21.framework in Frameworks */,
			);
			runOnlyForDeploymentPostprocessing = 0;
		};
/* End PBXFrameworksBuildPhase section */

/* Begin PBXGroup section */
		4981053A1EDAD9E5005E4677 /* MainVC */ = {
			isa = PBXGroup;
			children = (
				4981053B1EDADA0E005E4677 /* MainViewController.swift */,
				498105431EDE77ED005E4677 /* MainCollectionViewCell.swift */,
			);
			name = MainVC;
			sourceTree = "<group>";
		};
		498716571EE074C800E78C27 /* Reachability */ = {
			isa = PBXGroup;
			children = (
				4981053E1EDE5FDA005E4677 /* Reachability.h */,
				4981053F1EDE5FDA005E4677 /* Reachability.m */,
				4946C0DB1ED6D4FD00ACED45 /* SinbiDemo21-Bridging-Header.h */,
			);
			name = Reachability;
			path = SinbiDemo21;
			sourceTree = "<group>";
		};
		498716581EE07B4600E78C27 /* SWRevealViewController */ = {
			isa = PBXGroup;
			children = (
				498716631EE07F7600E78C27 /* SWRevealViewController.h */,
				498716641EE07F7600E78C27 /* SWRevealViewController.m */,
			);
			name = SWRevealViewController;
			path = SinbiDemo21;
			sourceTree = "<group>";
		};
		498716671EE0864000E78C27 /* SideMenu */ = {
			isa = PBXGroup;
			children = (
				4987166A1EE0868F00E78C27 /* SideMenuTableViewController.swift */,
			);
			name = SideMenu;
			sourceTree = "<group>";
		};
		49B0501E1ED53A02009EFBC9 = {
			isa = PBXGroup;
			children = (
				498716671EE0864000E78C27 /* SideMenu */,
				4981053A1EDAD9E5005E4677 /* MainVC */,
				49B91E571ED5908D0046228B /* Login */,
				49B91E541ED566400046228B /* Modle */,
				49B0503C1ED53FAB009EFBC9 /* IntroView */,
				498716571EE074C800E78C27 /* Reachability */,
				498716581EE07B4600E78C27 /* SWRevealViewController */,
				49B050291ED53A02009EFBC9 /* SinbiDemo21 */,
				49B050281ED53A02009EFBC9 /* Products */,
				6DD1966661A870467C27FBCD /* Pods */,
				DDE1F04732F0E99073233973 /* Frameworks */,
			);
			sourceTree = "<group>";
		};
		49B050281ED53A02009EFBC9 /* Products */ = {
			isa = PBXGroup;
			children = (
				49B050271ED53A02009EFBC9 /* SinbiDemo21.app */,
			);
			name = Products;
			sourceTree = "<group>";
		};
		49B050291ED53A02009EFBC9 /* SinbiDemo21 */ = {
			isa = PBXGroup;
			children = (
				4946C0D71ED6A7B900ACED45 /* Auth.swift */,
				49B0502A1ED53A02009EFBC9 /* AppDelegate.swift */,
				49B0502E1ED53A02009EFBC9 /* Main.storyboard */,
				49B050311ED53A02009EFBC9 /* Assets.xcassets */,
				49B050331ED53A02009EFBC9 /* LaunchScreen.storyboard */,
				49B050361ED53A02009EFBC9 /* Info.plist */,
				4946C0D91ED6A8AD00ACED45 /* GoogleService-Info.plist */,
			);
			path = SinbiDemo21;
			sourceTree = "<group>";
		};
		49B0503C1ED53FAB009EFBC9 /* IntroView */ = {
			isa = PBXGroup;
			children = (
				49B050411ED5570E009EFBC9 /* IntroViewController.swift */,
				49B0503D1ED54EAC009EFBC9 /* IntroCollectionViewCell.swift */,
			);
			name = IntroView;
			sourceTree = "<group>";
		};
		49B91E541ED566400046228B /* Modle */ = {
			isa = PBXGroup;
			children = (
				49B91E551ED566690046228B /* Model.swift */,
				4987165D1EE07C1800E78C27 /* SidebarMenu.swift */,
			);
			name = Modle;
			sourceTree = "<group>";
		};
		49B91E571ED5908D0046228B /* Login */ = {
			isa = PBXGroup;
			children = (
				49B91E581ED591490046228B /* LoginViewController.swift */,
				49AED0DD1ED82C67004C55BF /* SignUpTableViewController.swift */,
			);
			name = Login;
			sourceTree = "<group>";
		};
		6DD1966661A870467C27FBCD /* Pods */ = {
			isa = PBXGroup;
			children = (
				272313F151FD11D0863F53ED /* Pods-SinbiDemo21.debug.xcconfig */,
				DC357DE05BECAE05E94AB7EA /* Pods-SinbiDemo21.release.xcconfig */,
			);
			name = Pods;
			sourceTree = "<group>";
		};
		DDE1F04732F0E99073233973 /* Frameworks */ = {
			isa = PBXGroup;
			children = (
				238FB0CEC5D9712572188C54 /* Pods_SinbiDemo21.framework */,
			);
			name = Frameworks;
			sourceTree = "<group>";
		};
/* End PBXGroup section */

/* Begin PBXNativeTarget section */
		49B050261ED53A02009EFBC9 /* SinbiDemo21 */ = {
			isa = PBXNativeTarget;
			buildConfigurationList = 49B050391ED53A02009EFBC9 /* Build configuration list for PBXNativeTarget "SinbiDemo21" */;
			buildPhases = (
				9AC8CC46D07DF3D151EA4729 /* [CP] Check Pods Manifest.lock */,
				49B050231ED53A02009EFBC9 /* Sources */,
				49B050241ED53A02009EFBC9 /* Frameworks */,
				49B050251ED53A02009EFBC9 /* Resources */,
				CB595B532D74437CC456B51B /* [CP] Embed Pods Frameworks */,
				3B1465C34CCAF7B8C0A938C8 /* [CP] Copy Pods Resources */,
			);
			buildRules = (
			);
			dependencies = (
			);
			name = SinbiDemo21;
			productName = SinbiDemo21;
			productReference = 49B050271ED53A02009EFBC9 /* SinbiDemo21.app */;
			productType = "com.apple.product-type.application";
		};
/* End PBXNativeTarget section */

/* Begin PBXProject section */
		49B0501F1ED53A02009EFBC9 /* Project object */ = {
			isa = PBXProject;
			attributes = {
				LastSwiftUpdateCheck = 0830;
				LastUpgradeCheck = 0830;
				ORGANIZATIONNAME = GanNaSong;
				TargetAttributes = {
					49B050261ED53A02009EFBC9 = {
						CreatedOnToolsVersion = 8.3.2;
						DevelopmentTeam = 8H7X36TF25;
						LastSwiftMigration = 0830;
						ProvisioningStyle = Automatic;
					};
				};
			};
			buildConfigurationList = 49B050221ED53A02009EFBC9 /* Build configuration list for PBXProject "SinbiDemo21" */;
			compatibilityVersion = "Xcode 3.2";
			developmentRegion = English;
			hasScannedForEncodings = 0;
			knownRegions = (
				en,
				Base,
			);
			mainGroup = 49B0501E1ED53A02009EFBC9;
			productRefGroup = 49B050281ED53A02009EFBC9 /* Products */;
			projectDirPath = "";
			projectRoot = "";
			targets = (
				49B050261ED53A02009EFBC9 /* SinbiDemo21 */,
			);
		};
/* End PBXProject section */

/* Begin PBXResourcesBuildPhase section */
		49B050251ED53A02009EFBC9 /* Resources */ = {
			isa = PBXResourcesBuildPhase;
			buildActionMask = 2147483647;
			files = (
				49B050351ED53A02009EFBC9 /* LaunchScreen.storyboard in Resources */,
				4946C0DA1ED6A8AD00ACED45 /* GoogleService-Info.plist in Resources */,
				49B050321ED53A02009EFBC9 /* Assets.xcassets in Resources */,
				49B050301ED53A02009EFBC9 /* Main.storyboard in Resources */,
			);
			runOnlyForDeploymentPostprocessing = 0;
		};
/* End PBXResourcesBuildPhase section */

/* Begin PBXShellScriptBuildPhase section */
		3B1465C34CCAF7B8C0A938C8 /* [CP] Copy Pods Resources */ = {
			isa = PBXShellScriptBuildPhase;
			buildActionMask = 2147483647;
			files = (
			);
			inputPaths = (
			);
			name = "[CP] Copy Pods Resources";
			outputPaths = (
			);
			runOnlyForDeploymentPostprocessing = 0;
			shellPath = /bin/sh;
			shellScript = "\"${SRCROOT}/Pods/Target Support Files/Pods-SinbiDemo21/Pods-SinbiDemo21-resources.sh\"\n";
			showEnvVarsInLog = 0;
		};
		9AC8CC46D07DF3D151EA4729 /* [CP] Check Pods Manifest.lock */ = {
			isa = PBXShellScriptBuildPhase;
			buildActionMask = 2147483647;
			files = (
			);
			inputPaths = (
			);
			name = "[CP] Check Pods Manifest.lock";
			outputPaths = (
			);
			runOnlyForDeploymentPostprocessing = 0;
			shellPath = /bin/sh;
			shellScript = "diff \"${PODS_ROOT}/../Podfile.lock\" \"${PODS_ROOT}/Manifest.lock\" > /dev/null\nif [ $? != 0 ] ; then\n    # print error to STDERR\n    echo \"error: The sandbox is not in sync with the Podfile.lock. Run 'pod install' or update your CocoaPods installation.\" >&2\n    exit 1\nfi\n";
			showEnvVarsInLog = 0;
		};
		CB595B532D74437CC456B51B /* [CP] Embed Pods Frameworks */ = {
			isa = PBXShellScriptBuildPhase;
			buildActionMask = 2147483647;
			files = (
			);
			inputPaths = (
			);
			name = "[CP] Embed Pods Frameworks";
			outputPaths = (
			);
			runOnlyForDeploymentPostprocessing = 0;
			shellPath = /bin/sh;
			shellScript = "\"${SRCROOT}/Pods/Target Support Files/Pods-SinbiDemo21/Pods-SinbiDemo21-frameworks.sh\"\n";
			showEnvVarsInLog = 0;
		};
/* End PBXShellScriptBuildPhase section */

/* Begin PBXSourcesBuildPhase section */
		49B050231ED53A02009EFBC9 /* Sources */ = {
			isa = PBXSourcesBuildPhase;
			buildActionMask = 2147483647;
			files = (
				49B050421ED5570E009EFBC9 /* IntroViewController.swift in Sources */,
				4987166B1EE0868F00E78C27 /* SideMenuTableViewController.swift in Sources */,
				49B0503E1ED54EAC009EFBC9 /* IntroCollectionViewCell.swift in Sources */,
				49B0502B1ED53A02009EFBC9 /* AppDelegate.swift in Sources */,
				4987165E1EE07C1800E78C27 /* SidebarMenu.swift in Sources */,
				49B91E591ED591490046228B /* LoginViewController.swift in Sources */,
				49B91E561ED566690046228B /* Model.swift in Sources */,
				4981053C1EDADA0E005E4677 /* MainViewController.swift in Sources */,
				498105441EDE77ED005E4677 /* MainCollectionViewCell.swift in Sources */,
				4946C0D81ED6A7B900ACED45 /* Auth.swift in Sources */,
				498105401EDE5FDA005E4677 /* Reachability.m in Sources */,
				49AED0DE1ED82C67004C55BF /* SignUpTableViewController.swift in Sources */,
				498716651EE07F7600E78C27 /* SWRevealViewController.m in Sources */,
			);
			runOnlyForDeploymentPostprocessing = 0;
		};
/* End PBXSourcesBuildPhase section */

/* Begin PBXVariantGroup section */
		49B0502E1ED53A02009EFBC9 /* Main.storyboard */ = {
			isa = PBXVariantGroup;
			children = (
				49B0502F1ED53A02009EFBC9 /* Base */,
			);
			name = Main.storyboard;
			sourceTree = "<group>";
		};
		49B050331ED53A02009EFBC9 /* LaunchScreen.storyboard */ = {
			isa = PBXVariantGroup;
			children = (
				49B050341ED53A02009EFBC9 /* Base */,
			);
			name = LaunchScreen.storyboard;
			sourceTree = "<group>";
		};
/* End PBXVariantGroup section */

/* Begin XCBuildConfiguration section */
		49B050371ED53A02009EFBC9 /* Debug */ = {
			isa = XCBuildConfiguration;
			buildSettings = {
				ALWAYS_SEARCH_USER_PATHS = NO;
				CLANG_ANALYZER_NONNULL = YES;
				CLANG_ANALYZER_NUMBER_OBJECT_CONVERSION = YES_AGGRESSIVE;
				CLANG_CXX_LANGUAGE_STANDARD = "gnu++0x";
				CLANG_CXX_LIBRARY = "libc++";
				CLANG_ENABLE_MODULES = YES;
				CLANG_ENABLE_OBJC_ARC = YES;
				CLANG_WARN_BOOL_CONVERSION = YES;
				CLANG_WARN_CONSTANT_CONVERSION = YES;
				CLANG_WARN_DIRECT_OBJC_ISA_USAGE = YES_ERROR;
				CLANG_WARN_DOCUMENTATION_COMMENTS = YES;
				CLANG_WARN_EMPTY_BODY = YES;
				CLANG_WARN_ENUM_CONVERSION = YES;
				CLANG_WARN_INFINITE_RECURSION = YES;
				CLANG_WARN_INT_CONVERSION = YES;
				CLANG_WARN_OBJC_ROOT_CLASS = YES_ERROR;
				CLANG_WARN_SUSPICIOUS_MOVE = YES;
				CLANG_WARN_UNREACHABLE_CODE = YES;
				CLANG_WARN__DUPLICATE_METHOD_MATCH = YES;
				"CODE_SIGN_IDENTITY[sdk=iphoneos*]" = "iPhone Developer";
				COPY_PHASE_STRIP = NO;
				DEBUG_INFORMATION_FORMAT = dwarf;
				ENABLE_STRICT_OBJC_MSGSEND = YES;
				ENABLE_TESTABILITY = YES;
				GCC_C_LANGUAGE_STANDARD = gnu99;
				GCC_DYNAMIC_NO_PIC = NO;
				GCC_NO_COMMON_BLOCKS = YES;
				GCC_OPTIMIZATION_LEVEL = 0;
				GCC_PREPROCESSOR_DEFINITIONS = (
					"DEBUG=1",
					"$(inherited)",
				);
				GCC_WARN_64_TO_32_BIT_CONVERSION = YES;
				GCC_WARN_ABOUT_RETURN_TYPE = YES_ERROR;
				GCC_WARN_UNDECLARED_SELECTOR = YES;
				GCC_WARN_UNINITIALIZED_AUTOS = YES_AGGRESSIVE;
				GCC_WARN_UNUSED_FUNCTION = YES;
				GCC_WARN_UNUSED_VARIABLE = YES;
				IPHONEOS_DEPLOYMENT_TARGET = 10.3;
				MTL_ENABLE_DEBUG_INFO = YES;
				ONLY_ACTIVE_ARCH = YES;
				SDKROOT = iphoneos;
				SWIFT_ACTIVE_COMPILATION_CONDITIONS = DEBUG;
				SWIFT_OPTIMIZATION_LEVEL = "-Onone";
			};
			name = Debug;
		};
		49B050381ED53A02009EFBC9 /* Release */ = {
			isa = XCBuildConfiguration;
			buildSettings = {
				ALWAYS_SEARCH_USER_PATHS = NO;
				CLANG_ANALYZER_NONNULL = YES;
				CLANG_ANALYZER_NUMBER_OBJECT_CONVERSION = YES_AGGRESSIVE;
				CLANG_CXX_LANGUAGE_STANDARD = "gnu++0x";
				CLANG_CXX_LIBRARY = "libc++";
				CLANG_ENABLE_MODULES = YES;
				CLANG_ENABLE_OBJC_ARC = YES;
				CLANG_WARN_BOOL_CONVERSION = YES;
				CLANG_WARN_CONSTANT_CONVERSION = YES;
				CLANG_WARN_DIRECT_OBJC_ISA_USAGE = YES_ERROR;
				CLANG_WARN_DOCUMENTATION_COMMENTS = YES;
				CLANG_WARN_EMPTY_BODY = YES;
				CLANG_WARN_ENUM_CONVERSION = YES;
				CLANG_WARN_INFINITE_RECURSION = YES;
				CLANG_WARN_INT_CONVERSION = YES;
				CLANG_WARN_OBJC_ROOT_CLASS = YES_ERROR;
				CLANG_WARN_SUSPICIOUS_MOVE = YES;
				CLANG_WARN_UNREACHABLE_CODE = YES;
				CLANG_WARN__DUPLICATE_METHOD_MATCH = YES;
				"CODE_SIGN_IDENTITY[sdk=iphoneos*]" = "iPhone Developer";
				COPY_PHASE_STRIP = NO;
				DEBUG_INFORMATION_FORMAT = "dwarf-with-dsym";
				ENABLE_NS_ASSERTIONS = NO;
				ENABLE_STRICT_OBJC_MSGSEND = YES;
				GCC_C_LANGUAGE_STANDARD = gnu99;
				GCC_NO_COMMON_BLOCKS = YES;
				GCC_WARN_64_TO_32_BIT_CONVERSION = YES;
				GCC_WARN_ABOUT_RETURN_TYPE = YES_ERROR;
				GCC_WARN_UNDECLARED_SELECTOR = YES;
				GCC_WARN_UNINITIALIZED_AUTOS = YES_AGGRESSIVE;
				GCC_WARN_UNUSED_FUNCTION = YES;
				GCC_WARN_UNUSED_VARIABLE = YES;
				IPHONEOS_DEPLOYMENT_TARGET = 10.3;
				MTL_ENABLE_DEBUG_INFO = NO;
				SDKROOT = iphoneos;
				SWIFT_OPTIMIZATION_LEVEL = "-Owholemodule";
				VALIDATE_PRODUCT = YES;
			};
			name = Release;
		};
		49B0503A1ED53A02009EFBC9 /* Debug */ = {
			isa = XCBuildConfiguration;
			baseConfigurationReference = 272313F151FD11D0863F53ED /* Pods-SinbiDemo21.debug.xcconfig */;
			buildSettings = {
				ASSETCATALOG_COMPILER_APPICON_NAME = AppIcon;
				CLANG_ENABLE_MODULES = YES;
				DEVELOPMENT_TEAM = 8H7X36TF25;
				INFOPLIST_FILE = SinbiDemo21/Info.plist;
				LD_RUNPATH_SEARCH_PATHS = "$(inherited) @executable_path/Frameworks";
				PRODUCT_BUNDLE_IDENTIFIER = com.gannasong.SinbiDemo21;
				PRODUCT_NAME = "$(TARGET_NAME)";
				SWIFT_OBJC_BRIDGING_HEADER = "SinbiDemo21/SinbiDemo21-Bridging-Header.h";
				SWIFT_OPTIMIZATION_LEVEL = "-Onone";
				SWIFT_VERSION = 3.0;
			};
			name = Debug;
		};
		49B0503B1ED53A02009EFBC9 /* Release */ = {
			isa = XCBuildConfiguration;
			baseConfigurationReference = DC357DE05BECAE05E94AB7EA /* Pods-SinbiDemo21.release.xcconfig */;
			buildSettings = {
				ASSETCATALOG_COMPILER_APPICON_NAME = AppIcon;
				CLANG_ENABLE_MODULES = YES;
				DEVELOPMENT_TEAM = 8H7X36TF25;
				INFOPLIST_FILE = SinbiDemo21/Info.plist;
				LD_RUNPATH_SEARCH_PATHS = "$(inherited) @executable_path/Frameworks";
				PRODUCT_BUNDLE_IDENTIFIER = com.gannasong.SinbiDemo21;
				PRODUCT_NAME = "$(TARGET_NAME)";
				SWIFT_OBJC_BRIDGING_HEADER = "SinbiDemo21/SinbiDemo21-Bridging-Header.h";
				SWIFT_VERSION = 3.0;
			};
			name = Release;
		};
/* End XCBuildConfiguration section */

/* Begin XCConfigurationList section */
		49B050221ED53A02009EFBC9 /* Build configuration list for PBXProject "SinbiDemo21" */ = {
			isa = XCConfigurationList;
			buildConfigurations = (
				49B050371ED53A02009EFBC9 /* Debug */,
				49B050381ED53A02009EFBC9 /* Release */,
			);
			defaultConfigurationIsVisible = 0;
			defaultConfigurationName = Release;
		};
		49B050391ED53A02009EFBC9 /* Build configuration list for PBXNativeTarget "SinbiDemo21" */ = {
			isa = XCConfigurationList;
			buildConfigurations = (
				49B0503A1ED53A02009EFBC9 /* Debug */,
				49B0503B1ED53A02009EFBC9 /* Release */,
			);
			defaultConfigurationIsVisible = 0;
			defaultConfigurationName = Release;
		};
/* End XCConfigurationList section */
	};
	rootObject = 49B0501F1ED53A02009EFBC9 /* Project object */;
}
