// !$*UTF8*$!
{
	archiveVersion = 1;
	classes = {
	};
	objectVersion = 46;
	objects = {

/* Begin PBXBuildFile section */
		49B0502B1ED53A02009EFBC9 /* AppDelegate.swift in Sources */ = {isa = PBXBuildFile; fileRef = 49B0502A1ED53A02009EFBC9 /* AppDelegate.swift */; };
		49B0502D1ED53A02009EFBC9 /* ViewController.swift in Sources */ = {isa = PBXBuildFile; fileRef = 49B0502C1ED53A02009EFBC9 /* ViewController.swift */; };
		49B050301ED53A02009EFBC9 /* Main.storyboard in Resources */ = {isa = PBXBuildFile; fileRef = 49B0502E1ED53A02009EFBC9 /* Main.storyboard */; };
		49B050321ED53A02009EFBC9 /* Assets.xcassets in Resources */ = {isa = PBXBuildFile; fileRef = 49B050311ED53A02009EFBC9 /* Assets.xcassets */; };
		49B050351ED53A02009EFBC9 /* LaunchScreen.storyboard in Resources */ = {isa = PBXBuildFile; fileRef = 49B050331ED53A02009EFBC9 /* LaunchScreen.storyboard */; };
/* End PBXBuildFile section */

/* Begin PBXFileReference section */
		49B050271ED53A02009EFBC9 /* SinbiDemo21.app */ = {isa = PBXFileReference; explicitFileType = wrapper.application; includeInIndex = 0; path = SinbiDemo21.app; sourceTree = BUILT_PRODUCTS_DIR; };
		49B0502A1ED53A02009EFBC9 /* AppDelegate.swift */ = {isa = PBXFileReference; lastKnownFileType = sourcecode.swift; path = AppDelegate.swift; sourceTree = "<group>"; };
		49B0502C1ED53A02009EFBC9 /* ViewController.swift */ = {isa = PBXFileReference; lastKnownFileType = sourcecode.swift; path = ViewController.swift; sourceTree = "<group>"; };
		49B0502F1ED53A02009EFBC9 /* Base */ = {isa = PBXFileReference; lastKnownFileType = file.storyboard; name = Base; path = Base.lproj/Main.storyboard; sourceTree = "<group>"; };
		49B050311ED53A02009EFBC9 /* Assets.xcassets */ = {isa = PBXFileReference; lastKnownFileType = folder.assetcatalog; path = Assets.xcassets; sourceTree = "<group>"; };
		49B050341ED53A02009EFBC9 /* Base */ = {isa = PBXFileReference; lastKnownFileType = file.storyboard; name = Base; path = Base.lproj/LaunchScreen.storyboard; sourceTree = "<group>"; };
		49B050361ED53A02009EFBC9 /* Info.plist */ = {isa = PBXFileReference; lastKnownFileType = text.plist.xml; path = Info.plist; sourceTree = "<group>"; };
/* End PBXFileReference section */

/* Begin PBXFrameworksBuildPhase section */
		49B050241ED53A02009EFBC9 /* Frameworks */ = {
			isa = PBXFrameworksBuildPhase;
			buildActionMask = 2147483647;
			files = (
			);
			runOnlyForDeploymentPostprocessing = 0;
		};
/* End PBXFrameworksBuildPhase section */

/* Begin PBXGroup section */
		49B0501E1ED53A02009EFBC9 = {
			isa = PBXGroup;
			children = (
				49B050291ED53A02009EFBC9 /* SinbiDemo21 */,
				49B050281ED53A02009EFBC9 /* Products */,
			);
			sourceTree = "<group>";
		};
		49B050281ED53A02009EFBC9 /* Products */ = {
			isa = PBXGroup;
			children = (
				49B050271ED53A02009EFBC9 /* SinbiDemo21.app */,
			);
			name = Products;
			sourceTree = "<group>";
		};
		49B050291ED53A02009EFBC9 /* SinbiDemo21 */ = {
			isa = PBXGroup;
			children = (
				49B0502A1ED53A02009EFBC9 /* AppDelegate.swift */,
				49B0502C1ED53A02009EFBC9 /* ViewController.swift */,
				49B0502E1ED53A02009EFBC9 /* Main.storyboard */,
				49B050311ED53A02009EFBC9 /* Assets.xcassets */,
				49B050331ED53A02009EFBC9 /* LaunchScreen.storyboard */,
				49B050361ED53A02009EFBC9 /* Info.plist */,
			);
			path = SinbiDemo21;
			sourceTree = "<group>";
		};
/* End PBXGroup section */

/* Begin PBXNativeTarget section */
		49B050261ED53A02009EFBC9 /* SinbiDemo21 */ = {
			isa = PBXNativeTarget;
			buildConfigurationList = 49B050391ED53A02009EFBC9 /* Build configuration list for PBXNativeTarget "SinbiDemo21" */;
			buildPhases = (
				49B050231ED53A02009EFBC9 /* Sources */,
				49B050241ED53A02009EFBC9 /* Frameworks */,
				49B050251ED53A02009EFBC9 /* Resources */,
			);
			buildRules = (
			);
			dependencies = (
			);
			name = SinbiDemo21;
			productName = SinbiDemo21;
			productReference = 49B050271ED53A02009EFBC9 /* SinbiDemo21.app */;
			productType = "com.apple.product-type.application";
		};
/* End PBXNativeTarget section */

/* Begin PBXProject section */
		49B0501F1ED53A02009EFBC9 /* Project object */ = {
			isa = PBXProject;
			attributes = {
				LastSwiftUpdateCheck = 0830;
				LastUpgradeCheck = 0830;
				ORGANIZATIONNAME = GanNaSong;
				TargetAttributes = {
					49B050261ED53A02009EFBC9 = {
						CreatedOnToolsVersion = 8.3.2;
						DevelopmentTeam = W3V3KSSZTP;
						ProvisioningStyle = Automatic;
					};
				};
			};
			buildConfigurationList = 49B050221ED53A02009EFBC9 /* Build configuration list for PBXProject "SinbiDemo21" */;
			compatibilityVersion = "Xcode 3.2";
			developmentRegion = English;
			hasScannedForEncodings = 0;
			knownRegions = (
				en,
				Base,
			);
			mainGroup = 49B0501E1ED53A02009EFBC9;
			productRefGroup = 49B050281ED53A02009EFBC9 /* Products */;
			projectDirPath = "";
			projectRoot = "";
			targets = (
				49B050261ED53A02009EFBC9 /* SinbiDemo21 */,
			);
		};
/* End PBXProject section */

/* Begin PBXResourcesBuildPhase section */
		49B050251ED53A02009EFBC9 /* Resources */ = {
			isa = PBXResourcesBuildPhase;
			buildActionMask = 2147483647;
			files = (
				49B050351ED53A02009EFBC9 /* LaunchScreen.storyboard in Resources */,
				49B050321ED53A02009EFBC9 /* Assets.xcassets in Resources */,
				49B050301ED53A02009EFBC9 /* Main.storyboard in Resources */,
			);
			runOnlyForDeploymentPostprocessing = 0;
		};
/* End PBXResourcesBuildPhase section */

/* Begin PBXSourcesBuildPhase section */
		49B050231ED53A02009EFBC9 /* Sources */ = {
			isa = PBXSourcesBuildPhase;
			buildActionMask = 2147483647;
			files = (
				49B0502D1ED53A02009EFBC9 /* ViewController.swift in Sources */,
				49B0502B1ED53A02009EFBC9 /* AppDelegate.swift in Sources */,
			);
			runOnlyForDeploymentPostprocessing = 0;
		};
/* End PBXSourcesBuildPhase section */

/* Begin PBXVariantGroup section */
		49B0502E1ED53A02009EFBC9 /* Main.storyboard */ = {
			isa = PBXVariantGroup;
			children = (
				49B0502F1ED53A02009EFBC9 /* Base */,
			);
			name = Main.storyboard;
			sourceTree = "<group>";
		};
		49B050331ED53A02009EFBC9 /* LaunchScreen.storyboard */ = {
			isa = PBXVariantGroup;
			children = (
				49B050341ED53A02009EFBC9 /* Base */,
			);
			name = LaunchScreen.storyboard;
			sourceTree = "<group>";
		};
/* End PBXVariantGroup section */

/* Begin XCBuildConfiguration section */
		49B050371ED53A02009EFBC9 /* Debug */ = {
			isa = XCBuildConfiguration;
			buildSettings = {
				ALWAYS_SEARCH_USER_PATHS = NO;
				CLANG_ANALYZER_NONNULL = YES;
				CLANG_ANALYZER_NUMBER_OBJECT_CONVERSION = YES_AGGRESSIVE;
				CLANG_CXX_LANGUAGE_STANDARD = "gnu++0x";
				CLANG_CXX_LIBRARY = "libc++";
				CLANG_ENABLE_MODULES = YES;
				CLANG_ENABLE_OBJC_ARC = YES;
				CLANG_WARN_BOOL_CONVERSION = YES;
				CLANG_WARN_CONSTANT_CONVERSION = YES;
				CLANG_WARN_DIRECT_OBJC_ISA_USAGE = YES_ERROR;
				CLANG_WARN_DOCUMENTATION_COMMENTS = YES;
				CLANG_WARN_EMPTY_BODY = YES;
				CLANG_WARN_ENUM_CONVERSION = YES;
				CLANG_WARN_INFINITE_RECURSION = YES;
				CLANG_WARN_INT_CONVERSION = YES;
				CLANG_WARN_OBJC_ROOT_CLASS = YES_ERROR;
				CLANG_WARN_SUSPICIOUS_MOVE = YES;
				CLANG_WARN_UNREACHABLE_CODE = YES;
				CLANG_WARN__DUPLICATE_METHOD_MATCH = YES;
				"CODE_SIGN_IDENTITY[sdk=iphoneos*]" = "iPhone Developer";
				COPY_PHASE_STRIP = NO;
				DEBUG_INFORMATION_FORMAT = dwarf;
				ENABLE_STRICT_OBJC_MSGSEND = YES;
				ENABLE_TESTABILITY = YES;
				GCC_C_LANGUAGE_STANDARD = gnu99;
				GCC_DYNAMIC_NO_PIC = NO;
				GCC_NO_COMMON_BLOCKS = YES;
				GCC_OPTIMIZATION_LEVEL = 0;
				GCC_PREPROCESSOR_DEFINITIONS = (
					"DEBUG=1",
					"$(inherited)",
				);
				GCC_WARN_64_TO_32_BIT_CONVERSION = YES;
				GCC_WARN_ABOUT_RETURN_TYPE = YES_ERROR;
				GCC_WARN_UNDECLARED_SELECTOR = YES;
				GCC_WARN_UNINITIALIZED_AUTOS = YES_AGGRESSIVE;
				GCC_WARN_UNUSED_FUNCTION = YES;
				GCC_WARN_UNUSED_VARIABLE = YES;
				IPHONEOS_DEPLOYMENT_TARGET = 10.3;
				MTL_ENABLE_DEBUG_INFO = YES;
				ONLY_ACTIVE_ARCH = YES;
				SDKROOT = iphoneos;
				SWIFT_ACTIVE_COMPILATION_CONDITIONS = DEBUG;
				SWIFT_OPTIMIZATION_LEVEL = "-Onone";
			};
			name = Debug;
		};
		49B050381ED53A02009EFBC9 /* Release */ = {
			isa = XCBuildConfiguration;
			buildSettings = {
				ALWAYS_SEARCH_USER_PATHS = NO;
				CLANG_ANALYZER_NONNULL = YES;
				CLANG_ANALYZER_NUMBER_OBJECT_CONVERSION = YES_AGGRESSIVE;
				CLANG_CXX_LANGUAGE_STANDARD = "gnu++0x";
				CLANG_CXX_LIBRARY = "libc++";
				CLANG_ENABLE_MODULES = YES;
				CLANG_ENABLE_OBJC_ARC = YES;
				CLANG_WARN_BOOL_CONVERSION = YES;
				CLANG_WARN_CONSTANT_CONVERSION = YES;
				CLANG_WARN_DIRECT_OBJC_ISA_USAGE = YES_ERROR;
				CLANG_WARN_DOCUMENTATION_COMMENTS = YES;
				CLANG_WARN_EMPTY_BODY = YES;
				CLANG_WARN_ENUM_CONVERSION = YES;
				CLANG_WARN_INFINITE_RECURSION = YES;
				CLANG_WARN_INT_CONVERSION = YES;
				CLANG_WARN_OBJC_ROOT_CLASS = YES_ERROR;
				CLANG_WARN_SUSPICIOUS_MOVE = YES;
				CLANG_WARN_UNREACHABLE_CODE = YES;
				CLANG_WARN__DUPLICATE_METHOD_MATCH = YES;
				"CODE_SIGN_IDENTITY[sdk=iphoneos*]" = "iPhone Developer";
				COPY_PHASE_STRIP = NO;
				DEBUG_INFORMATION_FORMAT = "dwarf-with-dsym";
				ENABLE_NS_ASSERTIONS = NO;
				ENABLE_STRICT_OBJC_MSGSEND = YES;
				GCC_C_LANGUAGE_STANDARD = gnu99;
				GCC_NO_COMMON_BLOCKS = YES;
				GCC_WARN_64_TO_32_BIT_CONVERSION = YES;
				GCC_WARN_ABOUT_RETURN_TYPE = YES_ERROR;
				GCC_WARN_UNDECLARED_SELECTOR = YES;
				GCC_WARN_UNINITIALIZED_AUTOS = YES_AGGRESSIVE;
				GCC_WARN_UNUSED_FUNCTION = YES;
				GCC_WARN_UNUSED_VARIABLE = YES;
				IPHONEOS_DEPLOYMENT_TARGET = 10.3;
				MTL_ENABLE_DEBUG_INFO = NO;
				SDKROOT = iphoneos;
				SWIFT_OPTIMIZATION_LEVEL = "-Owholemodule";
				VALIDATE_PRODUCT = YES;
			};
			name = Release;
		};
		49B0503A1ED53A02009EFBC9 /* Debug */ = {
			isa = XCBuildConfiguration;
			buildSettings = {
				ASSETCATALOG_COMPILER_APPICON_NAME = AppIcon;
				DEVELOPMENT_TEAM = W3V3KSSZTP;
				INFOPLIST_FILE = SinbiDemo21/Info.plist;
				LD_RUNPATH_SEARCH_PATHS = "$(inherited) @executable_path/Frameworks";
				PRODUCT_BUNDLE_IDENTIFIER = com.gannasong.SinbiDemo21;
				PRODUCT_NAME = "$(TARGET_NAME)";
				SWIFT_VERSION = 3.0;
			};
			name = Debug;
		};
		49B0503B1ED53A02009EFBC9 /* Release */ = {
			isa = XCBuildConfiguration;
			buildSettings = {
				ASSETCATALOG_COMPILER_APPICON_NAME = AppIcon;
				DEVELOPMENT_TEAM = W3V3KSSZTP;
				INFOPLIST_FILE = SinbiDemo21/Info.plist;
				LD_RUNPATH_SEARCH_PATHS = "$(inherited) @executable_path/Frameworks";
				PRODUCT_BUNDLE_IDENTIFIER = com.gannasong.SinbiDemo21;
				PRODUCT_NAME = "$(TARGET_NAME)";
				SWIFT_VERSION = 3.0;
			};
			name = Release;
		};
/* End XCBuildConfiguration section */

/* Begin XCConfigurationList section */
		49B050221ED53A02009EFBC9 /* Build configuration list for PBXProject "SinbiDemo21" */ = {
			isa = XCConfigurationList;
			buildConfigurations = (
				49B050371ED53A02009EFBC9 /* Debug */,
				49B050381ED53A02009EFBC9 /* Release */,
			);
			defaultConfigurationIsVisible = 0;
			defaultConfigurationName = Release;
		};
		49B050391ED53A02009EFBC9 /* Build configuration list for PBXNativeTarget "SinbiDemo21" */ = {
			isa = XCConfigurationList;
			buildConfigurations = (
				49B0503A1ED53A02009EFBC9 /* Debug */,
				49B0503B1ED53A02009EFBC9 /* Release */,
			);
			defaultConfigurationIsVisible = 0;
		};
/* End XCConfigurationList section */
	};
	rootObject = 49B0501F1ED53A02009EFBC9 /* Project object */;
}
